// !$*UTF8*$!
{
	archiveVersion = 1;
	classes = {
	};
	objectVersion = 48;
	objects = {

/* Begin PBXBuildFile section */
		5232604221AF4F2800C6F789 /* main.c in Sources */ = {isa = PBXBuildFile; fileRef = 5232604121AF4F2800C6F789 /* main.c */; };
		5256C66721BBC0D40019C2B1 /* OpenGL.framework in Frameworks */ = {isa = PBXBuildFile; fileRef = 5256C66621BBC0D20019C2B1 /* OpenGL.framework */; };
		5256C66B21BBC25B0019C2B1 /* libglmc.a in Frameworks */ = {isa = PBXBuildFile; fileRef = 5256C66A21BBC2580019C2B1 /* libglmc.a */; };
		5256C66D21BBC2FD0019C2B1 /* libglfw.3.2.dylib in Frameworks */ = {isa = PBXBuildFile; fileRef = 5256C66C21BBC2FB0019C2B1 /* libglfw.3.2.dylib */; };
		5256C66F21BBC5910019C2B1 /* glad.c in Sources */ = {isa = PBXBuildFile; fileRef = 5256C66E21BBC5910019C2B1 /* glad.c */; };
		5256C67221BBC5E50019C2B1 /* container.jpg in CopyFiles */ = {isa = PBXBuildFile; fileRef = 5256C67021BBC5E50019C2B1 /* container.jpg */; };
		5256C67321BBC5E50019C2B1 /* awesomeface.png in CopyFiles */ = {isa = PBXBuildFile; fileRef = 5256C67121BBC5E50019C2B1 /* awesomeface.png */; };
		5256C67721BBC6CE0019C2B1 /* shader.c in Sources */ = {isa = PBXBuildFile; fileRef = 5256C67621BBC6CE0019C2B1 /* shader.c */; };
		5256C67A21C33ED70019C2B1 /* vshader.vert in CopyFiles */ = {isa = PBXBuildFile; fileRef = 5256C67921C2D8B10019C2B1 /* vshader.vert */; };
		5256C67B21C33EDC0019C2B1 /* fshader.frag in CopyFiles */ = {isa = PBXBuildFile; fileRef = 5256C67821C2D88D0019C2B1 /* fshader.frag */; };
/* End PBXBuildFile section */

/* Begin PBXCopyFilesBuildPhase section */
		5232603C21AF4F2700C6F789 /* CopyFiles */ = {
			isa = PBXCopyFilesBuildPhase;
			buildActionMask = 12;
			dstPath = "";
			dstSubfolderSpec = 16;
			files = (
				5256C67B21C33EDC0019C2B1 /* fshader.frag in CopyFiles */,
				5256C67A21C33ED70019C2B1 /* vshader.vert in CopyFiles */,
				5256C67221BBC5E50019C2B1 /* container.jpg in CopyFiles */,
				5256C67321BBC5E50019C2B1 /* awesomeface.png in CopyFiles */,
			);
			runOnlyForDeploymentPostprocessing = 0;
		};
/* End PBXCopyFilesBuildPhase section */

/* Begin PBXFileReference section */
		5232603E21AF4F2700C6F789 /* Gltut6 */ = {isa = PBXFileReference; explicitFileType = "compiled.mach-o.executable"; includeInIndex = 0; path = Gltut6; sourceTree = BUILT_PRODUCTS_DIR; };
		5232604121AF4F2800C6F789 /* main.c */ = {isa = PBXFileReference; lastKnownFileType = sourcecode.c.c; path = main.c; sourceTree = "<group>"; };
		5256C66621BBC0D20019C2B1 /* OpenGL.framework */ = {isa = PBXFileReference; lastKnownFileType = wrapper.framework; name = OpenGL.framework; path = System/Library/Frameworks/OpenGL.framework; sourceTree = SDKROOT; };
		5256C66A21BBC2580019C2B1 /* libglmc.a */ = {isa = PBXFileReference; lastKnownFileType = archive.ar; name = libglmc.a; path = ../../OpenGLStuff/glmc/libglmc.a; sourceTree = "<group>"; };
		5256C66C21BBC2FB0019C2B1 /* libglfw.3.2.dylib */ = {isa = PBXFileReference; lastKnownFileType = "compiled.mach-o.dylib"; name = libglfw.3.2.dylib; path = ../../../../../../usr/local/Cellar/glfw/3.2.1/lib/libglfw.3.2.dylib; sourceTree = "<group>"; };
		5256C66E21BBC5910019C2B1 /* glad.c */ = {isa = PBXFileReference; lastKnownFileType = sourcecode.c.c; name = glad.c; path = ../../OpenGLStuff/glad/src/glad.c; sourceTree = "<group>"; };
		5256C67021BBC5E50019C2B1 /* container.jpg */ = {isa = PBXFileReference; lastKnownFileType = image.jpeg; name = container.jpg; path = ../../OpenGLStuff/container.jpg; sourceTree = "<group>"; };
		5256C67121BBC5E50019C2B1 /* awesomeface.png */ = {isa = PBXFileReference; lastKnownFileType = image.png; name = awesomeface.png; path = ../../OpenGLStuff/awesomeface.png; sourceTree = "<group>"; };
		5256C67421BBC67D0019C2B1 /* stb_image.h */ = {isa = PBXFileReference; fileEncoding = 4; lastKnownFileType = sourcecode.c.h; name = stb_image.h; path = ../../OpenGLStuff/stb_image.h; sourceTree = "<group>"; };
		5256C67521BBC6A30019C2B1 /* shader.h */ = {isa = PBXFileReference; fileEncoding = 4; lastKnownFileType = sourcecode.c.h; name = shader.h; path = ../../OpenGLStuff/shader.h; sourceTree = "<group>"; };
		5256C67621BBC6CE0019C2B1 /* shader.c */ = {isa = PBXFileReference; lastKnownFileType = sourcecode.c.c; name = shader.c; path = ../../OpenGLStuff/shader.c; sourceTree = "<group>"; };
		5256C67821C2D88D0019C2B1 /* fshader.frag */ = {isa = PBXFileReference; lastKnownFileType = sourcecode.glsl; path = fshader.frag; sourceTree = "<group>"; };
		5256C67921C2D8B10019C2B1 /* vshader.vert */ = {isa = PBXFileReference; lastKnownFileType = sourcecode.glsl; path = vshader.vert; sourceTree = "<group>"; };
/* End PBXFileReference section */

/* Begin PBXFrameworksBuildPhase section */
		5232603B21AF4F2700C6F789 /* Frameworks */ = {
			isa = PBXFrameworksBuildPhase;
			buildActionMask = 2147483647;
			files = (
				5256C66D21BBC2FD0019C2B1 /* libglfw.3.2.dylib in Frameworks */,
				5256C66B21BBC25B0019C2B1 /* libglmc.a in Frameworks */,
				5256C66721BBC0D40019C2B1 /* OpenGL.framework in Frameworks */,
			);
			runOnlyForDeploymentPostprocessing = 0;
		};
/* End PBXFrameworksBuildPhase section */

/* Begin PBXGroup section */
		5232603521AF4F2600C6F789 = {
			isa = PBXGroup;
			children = (
				5256C67821C2D88D0019C2B1 /* fshader.frag */,
				5256C67921C2D8B10019C2B1 /* vshader.vert */,
				5256C67621BBC6CE0019C2B1 /* shader.c */,
				5256C67521BBC6A30019C2B1 /* shader.h */,
				5256C67421BBC67D0019C2B1 /* stb_image.h */,
				5256C67121BBC5E50019C2B1 /* awesomeface.png */,
				5256C67021BBC5E50019C2B1 /* container.jpg */,
				5256C66E21BBC5910019C2B1 /* glad.c */,
				5232604021AF4F2700C6F789 /* Gltut6 */,
				5232603F21AF4F2700C6F789 /* Products */,
				5256C66521BBC0C80019C2B1 /* Frameworks */,
			);
			sourceTree = "<group>";
		};
		5232603F21AF4F2700C6F789 /* Products */ = {
			isa = PBXGroup;
			children = (
				5232603E21AF4F2700C6F789 /* Gltut6 */,
			);
			name = Products;
			sourceTree = "<group>";
		};
		5232604021AF4F2700C6F789 /* Gltut6 */ = {
			isa = PBXGroup;
			children = (
				5232604121AF4F2800C6F789 /* main.c */,
			);
			path = Gltut6;
			sourceTree = "<group>";
		};
		5256C66521BBC0C80019C2B1 /* Frameworks */ = {
			isa = PBXGroup;
			children = (
				5256C66C21BBC2FB0019C2B1 /* libglfw.3.2.dylib */,
				5256C66A21BBC2580019C2B1 /* libglmc.a */,
				5256C66621BBC0D20019C2B1 /* OpenGL.framework */,
			);
			name = Frameworks;
			sourceTree = "<group>";
		};
/* End PBXGroup section */

/* Begin PBXNativeTarget section */
		5232603D21AF4F2700C6F789 /* Gltut6 */ = {
			isa = PBXNativeTarget;
			buildConfigurationList = 5232604521AF4F2800C6F789 /* Build configuration list for PBXNativeTarget "Gltut6" */;
			buildPhases = (
				5232603A21AF4F2700C6F789 /* Sources */,
				5232603B21AF4F2700C6F789 /* Frameworks */,
				5232603C21AF4F2700C6F789 /* CopyFiles */,
			);
			buildRules = (
			);
			dependencies = (
			);
			name = Gltut6;
			productName = Gltut6;
			productReference = 5232603E21AF4F2700C6F789 /* Gltut6 */;
			productType = "com.apple.product-type.tool";
		};
/* End PBXNativeTarget section */

/* Begin PBXProject section */
		5232603621AF4F2600C6F789 /* Project object */ = {
			isa = PBXProject;
			attributes = {
				LastUpgradeCheck = 0920;
				ORGANIZATIONNAME = "Adenike Adeyemi";
				TargetAttributes = {
					5232603D21AF4F2700C6F789 = {
						CreatedOnToolsVersion = 9.2;
						ProvisioningStyle = Automatic;
					};
				};
			};
			buildConfigurationList = 5232603921AF4F2600C6F789 /* Build configuration list for PBXProject "Gltut6" */;
			compatibilityVersion = "Xcode 8.0";
			developmentRegion = en;
			hasScannedForEncodings = 0;
			knownRegions = (
				en,
			);
			mainGroup = 5232603521AF4F2600C6F789;
			productRefGroup = 5232603F21AF4F2700C6F789 /* Products */;
			projectDirPath = "";
			projectRoot = "";
			targets = (
				5232603D21AF4F2700C6F789 /* Gltut6 */,
			);
		};
/* End PBXProject section */

/* Begin PBXSourcesBuildPhase section */
		5232603A21AF4F2700C6F789 /* Sources */ = {
			isa = PBXSourcesBuildPhase;
			buildActionMask = 2147483647;
			files = (
				5256C67721BBC6CE0019C2B1 /* shader.c in Sources */,
				5256C66F21BBC5910019C2B1 /* glad.c in Sources */,
				5232604221AF4F2800C6F789 /* main.c in Sources */,
			);
			runOnlyForDeploymentPostprocessing = 0;
		};
/* End PBXSourcesBuildPhase section */

/* Begin XCBuildConfiguration section */
		5232604321AF4F2800C6F789 /* Debug */ = {
			isa = XCBuildConfiguration;
			buildSettings = {
				ALWAYS_SEARCH_USER_PATHS = NO;
				CLANG_ANALYZER_NONNULL = YES;
				CLANG_ANALYZER_NUMBER_OBJECT_CONVERSION = YES_AGGRESSIVE;
				CLANG_CXX_LANGUAGE_STANDARD = "gnu++14";
				CLANG_CXX_LIBRARY = "libc++";
				CLANG_ENABLE_MODULES = YES;
				CLANG_ENABLE_OBJC_ARC = YES;
				CLANG_WARN_BLOCK_CAPTURE_AUTORELEASING = YES;
				CLANG_WARN_BOOL_CONVERSION = YES;
				CLANG_WARN_COMMA = YES;
				CLANG_WARN_CONSTANT_CONVERSION = YES;
				CLANG_WARN_DIRECT_OBJC_ISA_USAGE = YES_ERROR;
				CLANG_WARN_DOCUMENTATION_COMMENTS = YES;
				CLANG_WARN_EMPTY_BODY = YES;
				CLANG_WARN_ENUM_CONVERSION = YES;
				CLANG_WARN_INFINITE_RECURSION = YES;
				CLANG_WARN_INT_CONVERSION = YES;
				CLANG_WARN_NON_LITERAL_NULL_CONVERSION = YES;
				CLANG_WARN_OBJC_LITERAL_CONVERSION = YES;
				CLANG_WARN_OBJC_ROOT_CLASS = YES_ERROR;
				CLANG_WARN_RANGE_LOOP_ANALYSIS = YES;
				CLANG_WARN_STRICT_PROTOTYPES = YES;
				CLANG_WARN_SUSPICIOUS_MOVE = YES;
				CLANG_WARN_UNGUARDED_AVAILABILITY = YES_AGGRESSIVE;
				CLANG_WARN_UNREACHABLE_CODE = YES;
				CLANG_WARN__DUPLICATE_METHOD_MATCH = YES;
				CODE_SIGN_IDENTITY = "-";
				COPY_PHASE_STRIP = NO;
				DEBUG_INFORMATION_FORMAT = dwarf;
				ENABLE_STRICT_OBJC_MSGSEND = YES;
				ENABLE_TESTABILITY = YES;
				GCC_C_LANGUAGE_STANDARD = gnu11;
				GCC_DYNAMIC_NO_PIC = NO;
				GCC_NO_COMMON_BLOCKS = YES;
				GCC_OPTIMIZATION_LEVEL = 0;
				GCC_PREPROCESSOR_DEFINITIONS = (
					"DEBUG=1",
					"$(inherited)",
				);
				GCC_WARN_64_TO_32_BIT_CONVERSION = YES;
				GCC_WARN_ABOUT_RETURN_TYPE = YES_ERROR;
				GCC_WARN_UNDECLARED_SELECTOR = YES;
				GCC_WARN_UNINITIALIZED_AUTOS = YES_AGGRESSIVE;
				GCC_WARN_UNUSED_FUNCTION = YES;
				GCC_WARN_UNUSED_VARIABLE = YES;
				MACOSX_DEPLOYMENT_TARGET = 10.12;
				MTL_ENABLE_DEBUG_INFO = YES;
				ONLY_ACTIVE_ARCH = YES;
				SDKROOT = macosx;
			};
			name = Debug;
		};
		5232604421AF4F2800C6F789 /* Release */ = {
			isa = XCBuildConfiguration;
			buildSettings = {
				ALWAYS_SEARCH_USER_PATHS = NO;
				CLANG_ANALYZER_NONNULL = YES;
				CLANG_ANALYZER_NUMBER_OBJECT_CONVERSION = YES_AGGRESSIVE;
				CLANG_CXX_LANGUAGE_STANDARD = "gnu++14";
				CLANG_CXX_LIBRARY = "libc++";
				CLANG_ENABLE_MODULES = YES;
				CLANG_ENABLE_OBJC_ARC = YES;
				CLANG_WARN_BLOCK_CAPTURE_AUTORELEASING = YES;
				CLANG_WARN_BOOL_CONVERSION = YES;
				CLANG_WARN_COMMA = YES;
				CLANG_WARN_CONSTANT_CONVERSION = YES;
				CLANG_WARN_DIRECT_OBJC_ISA_USAGE = YES_ERROR;
				CLANG_WARN_DOCUMENTATION_COMMENTS = YES;
				CLANG_WARN_EMPTY_BODY = YES;
				CLANG_WARN_ENUM_CONVERSION = YES;
				CLANG_WARN_INFINITE_RECURSION = YES;
				CLANG_WARN_INT_CONVERSION = YES;
				CLANG_WARN_NON_LITERAL_NULL_CONVERSION = YES;
				CLANG_WARN_OBJC_LITERAL_CONVERSION = YES;
				CLANG_WARN_OBJC_ROOT_CLASS = YES_ERROR;
				CLANG_WARN_RANGE_LOOP_ANALYSIS = YES;
				CLANG_WARN_STRICT_PROTOTYPES = YES;
				CLANG_WARN_SUSPICIOUS_MOVE = YES;
				CLANG_WARN_UNGUARDED_AVAILABILITY = YES_AGGRESSIVE;
				CLANG_WARN_UNREACHABLE_CODE = YES;
				CLANG_WARN__DUPLICATE_METHOD_MATCH = YES;
				CODE_SIGN_IDENTITY = "-";
				COPY_PHASE_STRIP = NO;
				DEBUG_INFORMATION_FORMAT = "dwarf-with-dsym";
				ENABLE_NS_ASSERTIONS = NO;
				ENABLE_STRICT_OBJC_MSGSEND = YES;
				GCC_C_LANGUAGE_STANDARD = gnu11;
				GCC_NO_COMMON_BLOCKS = YES;
				GCC_WARN_64_TO_32_BIT_CONVERSION = YES;
				GCC_WARN_ABOUT_RETURN_TYPE = YES_ERROR;
				GCC_WARN_UNDECLARED_SELECTOR = YES;
				GCC_WARN_UNINITIALIZED_AUTOS = YES_AGGRESSIVE;
				GCC_WARN_UNUSED_FUNCTION = YES;
				GCC_WARN_UNUSED_VARIABLE = YES;
				MACOSX_DEPLOYMENT_TARGET = 10.12;
				MTL_ENABLE_DEBUG_INFO = NO;
				SDKROOT = macosx;
			};
			name = Release;
		};
		5232604621AF4F2800C6F789 /* Debug */ = {
			isa = XCBuildConfiguration;
			buildSettings = {
				CODE_SIGN_STYLE = Automatic;
				HEADER_SEARCH_PATHS = /usr/local/include;
				LIBRARY_SEARCH_PATHS = (
					/usr/local/Cellar/glfw/3.2.1/lib,
					../../OpenGLStuff/glmc,
				);
				PRODUCT_NAME = "$(TARGET_NAME)";
			};
			name = Debug;
		};
		5232604721AF4F2800C6F789 /* Release */ = {
			isa = XCBuildConfiguration;
			buildSettings = {
				CODE_SIGN_STYLE = Automatic;
				HEADER_SEARCH_PATHS = /usr/local/include;
				LIBRARY_SEARCH_PATHS = (
					/usr/local/Cellar/glfw/3.2.1/lib,
					../../OpenGLStuff/glmc,
				);
				PRODUCT_NAME = "$(TARGET_NAME)";
			};
			name = Release;
		};
/* End XCBuildConfiguration section */

/* Begin XCConfigurationList section */
		5232603921AF4F2600C6F789 /* Build configuration list for PBXProject "Gltut6" */ = {
			isa = XCConfigurationList;
			buildConfigurations = (
				5232604321AF4F2800C6F789 /* Debug */,
				5232604421AF4F2800C6F789 /* Release */,
			);
			defaultConfigurationIsVisible = 0;
			defaultConfigurationName = Release;
		};
		5232604521AF4F2800C6F789 /* Build configuration list for PBXNativeTarget "Gltut6" */ = {
			isa = XCConfigurationList;
			buildConfigurations = (
				5232604621AF4F2800C6F789 /* Debug */,
				5232604721AF4F2800C6F789 /* Release */,
			);
			defaultConfigurationIsVisible = 0;
			defaultConfigurationName = Release;
		};
/* End XCConfigurationList section */
	};
	rootObject = 5232603621AF4F2600C6F789 /* Project object */;
}
